
Microsoft Visual Studio Solution File, Format Version 12.00
# Visual Studio Version 16
VisualStudioVersion = 16.0.32228.343
MinimumVisualStudioVersion = 10.0.40219.1
Project("{FAE04EC0-301F-11D3-BF4B-00C04F79EFBC}") = "LINQ", "LINQ\LINQ.csproj", "{0C305950-C0D5-4482-B6FF-A64948E77290}"
EndProject
Project("{2150E333-8FDC-42A3-9474-1A3956D46DE8}") = "Solution Items", "Solution Items", "{FAF3254C-29EF-40DA-9E39-FF8D186E4671}"
EndProject
Global
	GlobalSection(SolutionConfigurationPlatforms) = preSolution
		Debug|Any CPU = Debug|Any CPU
		Release|Any CPU = Release|Any CPU
	EndGlobalSection
	GlobalSection(ProjectConfigurationPlatforms) = postSolution
		{0C305950-C0D5-4482-B6FF-A64948E77290}.Debug|Any CPU.ActiveCfg = Debug|Any CPU
		{0C305950-C0D5-4482-B6FF-A64948E77290}.Debug|Any CPU.Build.0 = Debug|Any CPU
		{0C305950-C0D5-4482-B6FF-A64948E77290}.Release|Any CPU.ActiveCfg = Release|Any CPU
		{0C305950-C0D5-4482-B6FF-A64948E77290}.Release|Any CPU.Build.0 = Release|Any CPU
	EndGlobalSection
	GlobalSection(SolutionProperties) = preSolution
		HideSolutionNode = FALSE
	EndGlobalSection
	GlobalSection(ExtensibilityGlobals) = postSolution
		SolutionGuid = {ECF9F49C-5DC2-4D25-82B9-8B3ED260B30F}
	EndGlobalSection
EndGlobal
